// !$*UTF8*$!
{
	archiveVersion = 1;
	classes = {
	};
	objectVersion = 55;
	objects = {

/* Begin PBXBuildFile section */
		182FAD3F2893E7360062D3CA /* AppDelegate.swift in Sources */ = {isa = PBXBuildFile; fileRef = 182FAD3E2893E7360062D3CA /* AppDelegate.swift */; };
		182FAD412893E7360062D3CA /* SceneDelegate.swift in Sources */ = {isa = PBXBuildFile; fileRef = 182FAD402893E7360062D3CA /* SceneDelegate.swift */; };
		182FAD462893E7360062D3CA /* Main.storyboard in Resources */ = {isa = PBXBuildFile; fileRef = 182FAD442893E7360062D3CA /* Main.storyboard */; };
		182FAD482893E7370062D3CA /* Assets.xcassets in Resources */ = {isa = PBXBuildFile; fileRef = 182FAD472893E7370062D3CA /* Assets.xcassets */; };
		182FAD4B2893E7370062D3CA /* LaunchScreen.storyboard in Resources */ = {isa = PBXBuildFile; fileRef = 182FAD492893E7370062D3CA /* LaunchScreen.storyboard */; };
		182FAD572893E8E40062D3CA /* SignInViewController.swift in Sources */ = {isa = PBXBuildFile; fileRef = 182FAD562893E8E40062D3CA /* SignInViewController.swift */; };
		182FAD592893E8FF0062D3CA /* SignInStoryboard.storyboard in Resources */ = {isa = PBXBuildFile; fileRef = 182FAD582893E8FF0062D3CA /* SignInStoryboard.storyboard */; };
		182FAD5B2893E90C0062D3CA /* SignUpStoryboard.storyboard in Resources */ = {isa = PBXBuildFile; fileRef = 182FAD5A2893E90C0062D3CA /* SignUpStoryboard.storyboard */; };
		182FAD5D2893E9430062D3CA /* SignUpViewController.swift in Sources */ = {isa = PBXBuildFile; fileRef = 182FAD5C2893E9430062D3CA /* SignUpViewController.swift */; };
		182FAD5F2893F98B0062D3CA /* VerifycationViewController.swift in Sources */ = {isa = PBXBuildFile; fileRef = 182FAD5E2893F98B0062D3CA /* VerifycationViewController.swift */; };
		182FAD61289403B10062D3CA /* WelcomeViewController.swift in Sources */ = {isa = PBXBuildFile; fileRef = 182FAD60289403B10062D3CA /* WelcomeViewController.swift */; };
		183E9F5228A0114500299720 /* NavigationControllerExtension.swift in Sources */ = {isa = PBXBuildFile; fileRef = 183E9F5128A0114500299720 /* NavigationControllerExtension.swift */; };
		183E9F5428A0120400299720 /* AlertService.swift in Sources */ = {isa = PBXBuildFile; fileRef = 183E9F5328A0120400299720 /* AlertService.swift */; };
		1871F4E8289EEEBA007641B1 /* UserDefaultsService.swift in Sources */ = {isa = PBXBuildFile; fileRef = 1871F4E7289EEEBA007641B1 /* UserDefaultsService.swift */; };
		1871F4EB289EEEE8007641B1 /* UserDefaultsExtension.swift in Sources */ = {isa = PBXBuildFile; fileRef = 1871F4EA289EEEE8007641B1 /* UserDefaultsExtension.swift */; };
		1883690A289A703700B29898 /* MainViewController.swift in Sources */ = {isa = PBXBuildFile; fileRef = 18836909289A703700B29898 /* MainViewController.swift */; };
		1883690C289A769800B29898 /* ProfileViewController.swift in Sources */ = {isa = PBXBuildFile; fileRef = 1883690B289A769800B29898 /* ProfileViewController.swift */; };
		18C09CD8289F100300D6AB65 /* EditViewController.swift in Sources */ = {isa = PBXBuildFile; fileRef = 18C09CD7289F100300D6AB65 /* EditViewController.swift */; };
		18D4579128996486002CAB63 /* PasswordStrength.swift in Sources */ = {isa = PBXBuildFile; fileRef = 18D4579028996486002CAB63 /* PasswordStrength.swift */; };
		18D4579428996501002CAB63 /* UserModel.swift in Sources */ = {isa = PBXBuildFile; fileRef = 18D4579328996501002CAB63 /* UserModel.swift */; };
		18D4579A28997503002CAB63 /* VerificationService.swift in Sources */ = {isa = PBXBuildFile; fileRef = 18D4579928997503002CAB63 /* VerificationService.swift */; };
/* End PBXBuildFile section */

/* Begin PBXFileReference section */
		182FAD3B2893E7360062D3CA /* RegistrationApp.app */ = {isa = PBXFileReference; explicitFileType = wrapper.application; includeInIndex = 0; path = RegistrationApp.app; sourceTree = BUILT_PRODUCTS_DIR; };
		182FAD3E2893E7360062D3CA /* AppDelegate.swift */ = {isa = PBXFileReference; lastKnownFileType = sourcecode.swift; path = AppDelegate.swift; sourceTree = "<group>"; };
		182FAD402893E7360062D3CA /* SceneDelegate.swift */ = {isa = PBXFileReference; lastKnownFileType = sourcecode.swift; path = SceneDelegate.swift; sourceTree = "<group>"; };
		182FAD452893E7360062D3CA /* Base */ = {isa = PBXFileReference; lastKnownFileType = file.storyboard; name = Base; path = Base.lproj/Main.storyboard; sourceTree = "<group>"; };
		182FAD472893E7370062D3CA /* Assets.xcassets */ = {isa = PBXFileReference; lastKnownFileType = folder.assetcatalog; path = Assets.xcassets; sourceTree = "<group>"; };
		182FAD4A2893E7370062D3CA /* Base */ = {isa = PBXFileReference; lastKnownFileType = file.storyboard; name = Base; path = Base.lproj/LaunchScreen.storyboard; sourceTree = "<group>"; };
		182FAD4C2893E7370062D3CA /* Info.plist */ = {isa = PBXFileReference; lastKnownFileType = text.plist.xml; path = Info.plist; sourceTree = "<group>"; };
		182FAD562893E8E40062D3CA /* SignInViewController.swift */ = {isa = PBXFileReference; lastKnownFileType = sourcecode.swift; path = SignInViewController.swift; sourceTree = "<group>"; };
		182FAD582893E8FF0062D3CA /* SignInStoryboard.storyboard */ = {isa = PBXFileReference; lastKnownFileType = file.storyboard; path = SignInStoryboard.storyboard; sourceTree = "<group>"; };
		182FAD5A2893E90C0062D3CA /* SignUpStoryboard.storyboard */ = {isa = PBXFileReference; lastKnownFileType = file.storyboard; path = SignUpStoryboard.storyboard; sourceTree = "<group>"; };
		182FAD5C2893E9430062D3CA /* SignUpViewController.swift */ = {isa = PBXFileReference; lastKnownFileType = sourcecode.swift; path = SignUpViewController.swift; sourceTree = "<group>"; };
		182FAD5E2893F98B0062D3CA /* VerifycationViewController.swift */ = {isa = PBXFileReference; lastKnownFileType = sourcecode.swift; path = VerifycationViewController.swift; sourceTree = "<group>"; };
		182FAD60289403B10062D3CA /* WelcomeViewController.swift */ = {isa = PBXFileReference; lastKnownFileType = sourcecode.swift; path = WelcomeViewController.swift; sourceTree = "<group>"; };
		183E9F5128A0114500299720 /* NavigationControllerExtension.swift */ = {isa = PBXFileReference; lastKnownFileType = sourcecode.swift; path = NavigationControllerExtension.swift; sourceTree = "<group>"; };
		183E9F5328A0120400299720 /* AlertService.swift */ = {isa = PBXFileReference; lastKnownFileType = sourcecode.swift; path = AlertService.swift; sourceTree = "<group>"; };
		1871F4E7289EEEBA007641B1 /* UserDefaultsService.swift */ = {isa = PBXFileReference; lastKnownFileType = sourcecode.swift; path = UserDefaultsService.swift; sourceTree = "<group>"; };
		1871F4EA289EEEE8007641B1 /* UserDefaultsExtension.swift */ = {isa = PBXFileReference; lastKnownFileType = sourcecode.swift; path = UserDefaultsExtension.swift; sourceTree = "<group>"; };
		18836909289A703700B29898 /* MainViewController.swift */ = {isa = PBXFileReference; lastKnownFileType = sourcecode.swift; path = MainViewController.swift; sourceTree = "<group>"; };
		1883690B289A769800B29898 /* ProfileViewController.swift */ = {isa = PBXFileReference; lastKnownFileType = sourcecode.swift; path = ProfileViewController.swift; sourceTree = "<group>"; };
		18C09CD7289F100300D6AB65 /* EditViewController.swift */ = {isa = PBXFileReference; lastKnownFileType = sourcecode.swift; path = EditViewController.swift; sourceTree = "<group>"; };
		18D4579028996486002CAB63 /* PasswordStrength.swift */ = {isa = PBXFileReference; lastKnownFileType = sourcecode.swift; path = PasswordStrength.swift; sourceTree = "<group>"; };
		18D4579328996501002CAB63 /* UserModel.swift */ = {isa = PBXFileReference; lastKnownFileType = sourcecode.swift; path = UserModel.swift; sourceTree = "<group>"; };
		18D4579928997503002CAB63 /* VerificationService.swift */ = {isa = PBXFileReference; lastKnownFileType = sourcecode.swift; path = VerificationService.swift; sourceTree = "<group>"; };
/* End PBXFileReference section */

/* Begin PBXFrameworksBuildPhase section */
		182FAD382893E7360062D3CA /* Frameworks */ = {
			isa = PBXFrameworksBuildPhase;
			buildActionMask = 2147483647;
			files = (
			);
			runOnlyForDeploymentPostprocessing = 0;
		};
/* End PBXFrameworksBuildPhase section */

/* Begin PBXGroup section */
		182FAD322893E7360062D3CA = {
			isa = PBXGroup;
			children = (
				182FAD3D2893E7360062D3CA /* RegistrationApp */,
				182FAD3C2893E7360062D3CA /* Products */,
			);
			sourceTree = "<group>";
		};
		182FAD3C2893E7360062D3CA /* Products */ = {
			isa = PBXGroup;
			children = (
				182FAD3B2893E7360062D3CA /* RegistrationApp.app */,
			);
			name = Products;
			sourceTree = "<group>";
		};
		182FAD3D2893E7360062D3CA /* RegistrationApp */ = {
			isa = PBXGroup;
			children = (
				18D45792289964DC002CAB63 /* Services */,
				182FAD62289420B20062D3CA /* Models */,
				182FAD542893E8770062D3CA /* SignInControllers */,
				182FAD552893E89C0062D3CA /* SignUpControllers */,
				1871F4E9289EEEBD007641B1 /* Extensions */,
				182FAD522893E85F0062D3CA /* Views */,
				182FAD532893E8730062D3CA /* App */,
				182FAD472893E7370062D3CA /* Assets.xcassets */,
				182FAD4C2893E7370062D3CA /* Info.plist */,
			);
			path = RegistrationApp;
			sourceTree = "<group>";
		};
		182FAD522893E85F0062D3CA /* Views */ = {
			isa = PBXGroup;
			children = (
				182FAD492893E7370062D3CA /* LaunchScreen.storyboard */,
				182FAD582893E8FF0062D3CA /* SignInStoryboard.storyboard */,
				182FAD5A2893E90C0062D3CA /* SignUpStoryboard.storyboard */,
				182FAD442893E7360062D3CA /* Main.storyboard */,
			);
			path = Views;
			sourceTree = "<group>";
		};
		182FAD532893E8730062D3CA /* App */ = {
			isa = PBXGroup;
			children = (
				182FAD3E2893E7360062D3CA /* AppDelegate.swift */,
				182FAD402893E7360062D3CA /* SceneDelegate.swift */,
			);
			path = App;
			sourceTree = "<group>";
		};
		182FAD542893E8770062D3CA /* SignInControllers */ = {
			isa = PBXGroup;
			children = (
				182FAD562893E8E40062D3CA /* SignInViewController.swift */,
				18836909289A703700B29898 /* MainViewController.swift */,
				1883690B289A769800B29898 /* ProfileViewController.swift */,
				18C09CD7289F100300D6AB65 /* EditViewController.swift */,
			);
			path = SignInControllers;
			sourceTree = "<group>";
		};
		182FAD552893E89C0062D3CA /* SignUpControllers */ = {
			isa = PBXGroup;
			children = (
				182FAD5C2893E9430062D3CA /* SignUpViewController.swift */,
				182FAD5E2893F98B0062D3CA /* VerifycationViewController.swift */,
				182FAD60289403B10062D3CA /* WelcomeViewController.swift */,
			);
			path = SignUpControllers;
			sourceTree = "<group>";
		};
		182FAD62289420B20062D3CA /* Models */ = {
			isa = PBXGroup;
			children = (
				18D4579328996501002CAB63 /* UserModel.swift */,
				18D4579028996486002CAB63 /* PasswordStrength.swift */,
			);
			path = Models;
			sourceTree = "<group>";
		};
		1871F4E9289EEEBD007641B1 /* Extensions */ = {
			isa = PBXGroup;
			children = (
				1871F4EA289EEEE8007641B1 /* UserDefaultsExtension.swift */,
				183E9F5128A0114500299720 /* NavigationControllerExtension.swift */,
			);
			path = Extensions;
			sourceTree = "<group>";
		};
		18D45792289964DC002CAB63 /* Services */ = {
			isa = PBXGroup;
			children = (
				18D4579928997503002CAB63 /* VerificationService.swift */,
				1871F4E7289EEEBA007641B1 /* UserDefaultsService.swift */,
				183E9F5328A0120400299720 /* AlertService.swift */,
			);
			path = Services;
			sourceTree = "<group>";
		};
/* End PBXGroup section */

/* Begin PBXNativeTarget section */
		182FAD3A2893E7360062D3CA /* RegistrationApp */ = {
			isa = PBXNativeTarget;
			buildConfigurationList = 182FAD4F2893E7370062D3CA /* Build configuration list for PBXNativeTarget "RegistrationApp" */;
			buildPhases = (
				182FAD372893E7360062D3CA /* Sources */,
				182FAD382893E7360062D3CA /* Frameworks */,
				182FAD392893E7360062D3CA /* Resources */,
			);
			buildRules = (
			);
			dependencies = (
			);
			name = RegistrationApp;
			productName = RegistrationApp;
			productReference = 182FAD3B2893E7360062D3CA /* RegistrationApp.app */;
			productType = "com.apple.product-type.application";
		};
/* End PBXNativeTarget section */

/* Begin PBXProject section */
		182FAD332893E7360062D3CA /* Project object */ = {
			isa = PBXProject;
			attributes = {
				BuildIndependentTargetsInParallel = 1;
				LastSwiftUpdateCheck = 1340;
				LastUpgradeCheck = 1340;
				TargetAttributes = {
					182FAD3A2893E7360062D3CA = {
						CreatedOnToolsVersion = 13.4.1;
					};
				};
			};
			buildConfigurationList = 182FAD362893E7360062D3CA /* Build configuration list for PBXProject "RegistrationApp" */;
			compatibilityVersion = "Xcode 13.0";
			developmentRegion = en;
			hasScannedForEncodings = 0;
			knownRegions = (
				en,
				Base,
			);
			mainGroup = 182FAD322893E7360062D3CA;
			productRefGroup = 182FAD3C2893E7360062D3CA /* Products */;
			projectDirPath = "";
			projectRoot = "";
			targets = (
				182FAD3A2893E7360062D3CA /* RegistrationApp */,
			);
		};
/* End PBXProject section */

/* Begin PBXResourcesBuildPhase section */
		182FAD392893E7360062D3CA /* Resources */ = {
			isa = PBXResourcesBuildPhase;
			buildActionMask = 2147483647;
			files = (
				182FAD5B2893E90C0062D3CA /* SignUpStoryboard.storyboard in Resources */,
				182FAD4B2893E7370062D3CA /* LaunchScreen.storyboard in Resources */,
				182FAD482893E7370062D3CA /* Assets.xcassets in Resources */,
				182FAD462893E7360062D3CA /* Main.storyboard in Resources */,
				182FAD592893E8FF0062D3CA /* SignInStoryboard.storyboard in Resources */,
			);
			runOnlyForDeploymentPostprocessing = 0;
		};
/* End PBXResourcesBuildPhase section */

/* Begin PBXSourcesBuildPhase section */
		182FAD372893E7360062D3CA /* Sources */ = {
			isa = PBXSourcesBuildPhase;
			buildActionMask = 2147483647;
			files = (
				182FAD3F2893E7360062D3CA /* AppDelegate.swift in Sources */,
				183E9F5228A0114500299720 /* NavigationControllerExtension.swift in Sources */,
				1883690A289A703700B29898 /* MainViewController.swift in Sources */,
				182FAD5F2893F98B0062D3CA /* VerifycationViewController.swift in Sources */,
				182FAD412893E7360062D3CA /* SceneDelegate.swift in Sources */,
				18D4579A28997503002CAB63 /* VerificationService.swift in Sources */,
				183E9F5428A0120400299720 /* AlertService.swift in Sources */,
				1883690C289A769800B29898 /* ProfileViewController.swift in Sources */,
				18C09CD8289F100300D6AB65 /* EditViewController.swift in Sources */,
				182FAD61289403B10062D3CA /* WelcomeViewController.swift in Sources */,
				1871F4E8289EEEBA007641B1 /* UserDefaultsService.swift in Sources */,
				182FAD5D2893E9430062D3CA /* SignUpViewController.swift in Sources */,
				1871F4EB289EEEE8007641B1 /* UserDefaultsExtension.swift in Sources */,
				182FAD572893E8E40062D3CA /* SignInViewController.swift in Sources */,
				18D4579128996486002CAB63 /* PasswordStrength.swift in Sources */,
				18D4579428996501002CAB63 /* UserModel.swift in Sources */,
			);
			runOnlyForDeploymentPostprocessing = 0;
		};
/* End PBXSourcesBuildPhase section */

/* Begin PBXVariantGroup section */
		182FAD442893E7360062D3CA /* Main.storyboard */ = {
			isa = PBXVariantGroup;
			children = (
				182FAD452893E7360062D3CA /* Base */,
			);
			name = Main.storyboard;
			sourceTree = "<group>";
		};
		182FAD492893E7370062D3CA /* LaunchScreen.storyboard */ = {
			isa = PBXVariantGroup;
			children = (
				182FAD4A2893E7370062D3CA /* Base */,
			);
			name = LaunchScreen.storyboard;
			sourceTree = "<group>";
		};
/* End PBXVariantGroup section */

/* Begin XCBuildConfiguration section */
		182FAD4D2893E7370062D3CA /* Debug */ = {
			isa = XCBuildConfiguration;
			buildSettings = {
				ALWAYS_SEARCH_USER_PATHS = NO;
				CLANG_ANALYZER_NONNULL = YES;
				CLANG_ANALYZER_NUMBER_OBJECT_CONVERSION = YES_AGGRESSIVE;
				CLANG_CXX_LANGUAGE_STANDARD = "gnu++17";
				CLANG_ENABLE_MODULES = YES;
				CLANG_ENABLE_OBJC_ARC = YES;
				CLANG_ENABLE_OBJC_WEAK = YES;
				CLANG_WARN_BLOCK_CAPTURE_AUTORELEASING = YES;
				CLANG_WARN_BOOL_CONVERSION = YES;
				CLANG_WARN_COMMA = YES;
				CLANG_WARN_CONSTANT_CONVERSION = YES;
				CLANG_WARN_DEPRECATED_OBJC_IMPLEMENTATIONS = YES;
				CLANG_WARN_DIRECT_OBJC_ISA_USAGE = YES_ERROR;
				CLANG_WARN_DOCUMENTATION_COMMENTS = YES;
				CLANG_WARN_EMPTY_BODY = YES;
				CLANG_WARN_ENUM_CONVERSION = YES;
				CLANG_WARN_INFINITE_RECURSION = YES;
				CLANG_WARN_INT_CONVERSION = YES;
				CLANG_WARN_NON_LITERAL_NULL_CONVERSION = YES;
				CLANG_WARN_OBJC_IMPLICIT_RETAIN_SELF = YES;
				CLANG_WARN_OBJC_LITERAL_CONVERSION = YES;
				CLANG_WARN_OBJC_ROOT_CLASS = YES_ERROR;
				CLANG_WARN_QUOTED_INCLUDE_IN_FRAMEWORK_HEADER = YES;
				CLANG_WARN_RANGE_LOOP_ANALYSIS = YES;
				CLANG_WARN_STRICT_PROTOTYPES = YES;
				CLANG_WARN_SUSPICIOUS_MOVE = YES;
				CLANG_WARN_UNGUARDED_AVAILABILITY = YES_AGGRESSIVE;
				CLANG_WARN_UNREACHABLE_CODE = YES;
				CLANG_WARN__DUPLICATE_METHOD_MATCH = YES;
				COPY_PHASE_STRIP = NO;
				DEBUG_INFORMATION_FORMAT = dwarf;
				ENABLE_STRICT_OBJC_MSGSEND = YES;
				ENABLE_TESTABILITY = YES;
				GCC_C_LANGUAGE_STANDARD = gnu11;
				GCC_DYNAMIC_NO_PIC = NO;
				GCC_NO_COMMON_BLOCKS = YES;
				GCC_OPTIMIZATION_LEVEL = 0;
				GCC_PREPROCESSOR_DEFINITIONS = (
					"DEBUG=1",
					"$(inherited)",
				);
				GCC_WARN_64_TO_32_BIT_CONVERSION = YES;
				GCC_WARN_ABOUT_RETURN_TYPE = YES_ERROR;
				GCC_WARN_UNDECLARED_SELECTOR = YES;
				GCC_WARN_UNINITIALIZED_AUTOS = YES_AGGRESSIVE;
				GCC_WARN_UNUSED_FUNCTION = YES;
				GCC_WARN_UNUSED_VARIABLE = YES;
				IPHONEOS_DEPLOYMENT_TARGET = 15.5;
				MTL_ENABLE_DEBUG_INFO = INCLUDE_SOURCE;
				MTL_FAST_MATH = YES;
				ONLY_ACTIVE_ARCH = YES;
				SDKROOT = iphoneos;
				SWIFT_ACTIVE_COMPILATION_CONDITIONS = DEBUG;
				SWIFT_OPTIMIZATION_LEVEL = "-Onone";
			};
			name = Debug;
		};
		182FAD4E2893E7370062D3CA /* Release */ = {
			isa = XCBuildConfiguration;
			buildSettings = {
				ALWAYS_SEARCH_USER_PATHS = NO;
				CLANG_ANALYZER_NONNULL = YES;
				CLANG_ANALYZER_NUMBER_OBJECT_CONVERSION = YES_AGGRESSIVE;
				CLANG_CXX_LANGUAGE_STANDARD = "gnu++17";
				CLANG_ENABLE_MODULES = YES;
				CLANG_ENABLE_OBJC_ARC = YES;
				CLANG_ENABLE_OBJC_WEAK = YES;
				CLANG_WARN_BLOCK_CAPTURE_AUTORELEASING = YES;
				CLANG_WARN_BOOL_CONVERSION = YES;
				CLANG_WARN_COMMA = YES;
				CLANG_WARN_CONSTANT_CONVERSION = YES;
				CLANG_WARN_DEPRECATED_OBJC_IMPLEMENTATIONS = YES;
				CLANG_WARN_DIRECT_OBJC_ISA_USAGE = YES_ERROR;
				CLANG_WARN_DOCUMENTATION_COMMENTS = YES;
				CLANG_WARN_EMPTY_BODY = YES;
				CLANG_WARN_ENUM_CONVERSION = YES;
				CLANG_WARN_INFINITE_RECURSION = YES;
				CLANG_WARN_INT_CONVERSION = YES;
				CLANG_WARN_NON_LITERAL_NULL_CONVERSION = YES;
				CLANG_WARN_OBJC_IMPLICIT_RETAIN_SELF = YES;
				CLANG_WARN_OBJC_LITERAL_CONVERSION = YES;
				CLANG_WARN_OBJC_ROOT_CLASS = YES_ERROR;
				CLANG_WARN_QUOTED_INCLUDE_IN_FRAMEWORK_HEADER = YES;
				CLANG_WARN_RANGE_LOOP_ANALYSIS = YES;
				CLANG_WARN_STRICT_PROTOTYPES = YES;
				CLANG_WARN_SUSPICIOUS_MOVE = YES;
				CLANG_WARN_UNGUARDED_AVAILABILITY = YES_AGGRESSIVE;
				CLANG_WARN_UNREACHABLE_CODE = YES;
				CLANG_WARN__DUPLICATE_METHOD_MATCH = YES;
				COPY_PHASE_STRIP = NO;
				DEBUG_INFORMATION_FORMAT = "dwarf-with-dsym";
				ENABLE_NS_ASSERTIONS = NO;
				ENABLE_STRICT_OBJC_MSGSEND = YES;
				GCC_C_LANGUAGE_STANDARD = gnu11;
				GCC_NO_COMMON_BLOCKS = YES;
				GCC_WARN_64_TO_32_BIT_CONVERSION = YES;
				GCC_WARN_ABOUT_RETURN_TYPE = YES_ERROR;
				GCC_WARN_UNDECLARED_SELECTOR = YES;
				GCC_WARN_UNINITIALIZED_AUTOS = YES_AGGRESSIVE;
				GCC_WARN_UNUSED_FUNCTION = YES;
				GCC_WARN_UNUSED_VARIABLE = YES;
				IPHONEOS_DEPLOYMENT_TARGET = 15.5;
				MTL_ENABLE_DEBUG_INFO = NO;
				MTL_FAST_MATH = YES;
				SDKROOT = iphoneos;
				SWIFT_COMPILATION_MODE = wholemodule;
				SWIFT_OPTIMIZATION_LEVEL = "-O";
				VALIDATE_PRODUCT = YES;
			};
			name = Release;
		};
		182FAD502893E7370062D3CA /* Debug */ = {
			isa = XCBuildConfiguration;
			buildSettings = {
				ASSETCATALOG_COMPILER_APPICON_NAME = AppIcon;
				ASSETCATALOG_COMPILER_GLOBAL_ACCENT_COLOR_NAME = AccentColor;
				CODE_SIGN_STYLE = Automatic;
				CURRENT_PROJECT_VERSION = 1;
				DEVELOPMENT_TEAM = H568TQC48W;
				GENERATE_INFOPLIST_FILE = YES;
				INFOPLIST_FILE = RegistrationApp/Info.plist;
				INFOPLIST_KEY_UIApplicationSupportsIndirectInputEvents = YES;
				INFOPLIST_KEY_UILaunchStoryboardName = LaunchScreen;
				INFOPLIST_KEY_UIMainStoryboardFile = Main;
				INFOPLIST_KEY_UISupportedInterfaceOrientations_iPad = "UIInterfaceOrientationPortrait UIInterfaceOrientationPortraitUpsideDown UIInterfaceOrientationLandscapeLeft UIInterfaceOrientationLandscapeRight";
				INFOPLIST_KEY_UISupportedInterfaceOrientations_iPhone = "UIInterfaceOrientationPortrait UIInterfaceOrientationLandscapeLeft UIInterfaceOrientationLandscapeRight";
				LD_RUNPATH_SEARCH_PATHS = (
					"$(inherited)",
					"@executable_path/Frameworks",
				);
				MARKETING_VERSION = 1.0;
				PRODUCT_BUNDLE_IDENTIFIER = KA.RegistrationApp;
				PRODUCT_NAME = "$(TARGET_NAME)";
				SWIFT_EMIT_LOC_STRINGS = YES;
				SWIFT_VERSION = 5.0;
				TARGETED_DEVICE_FAMILY = "1,2";
			};
			name = Debug;
		};
		182FAD512893E7370062D3CA /* Release */ = {
			isa = XCBuildConfiguration;
			buildSettings = {
				ASSETCATALOG_COMPILER_APPICON_NAME = AppIcon;
				ASSETCATALOG_COMPILER_GLOBAL_ACCENT_COLOR_NAME = AccentColor;
				CODE_SIGN_STYLE = Automatic;
				CURRENT_PROJECT_VERSION = 1;
				DEVELOPMENT_TEAM = H568TQC48W;
				GENERATE_INFOPLIST_FILE = YES;
				INFOPLIST_FILE = RegistrationApp/Info.plist;
				INFOPLIST_KEY_UIApplicationSupportsIndirectInputEvents = YES;
				INFOPLIST_KEY_UILaunchStoryboardName = LaunchScreen;
				INFOPLIST_KEY_UIMainStoryboardFile = Main;
				INFOPLIST_KEY_UISupportedInterfaceOrientations_iPad = "UIInterfaceOrientationPortrait UIInterfaceOrientationPortraitUpsideDown UIInterfaceOrientationLandscapeLeft UIInterfaceOrientationLandscapeRight";
				INFOPLIST_KEY_UISupportedInterfaceOrientations_iPhone = "UIInterfaceOrientationPortrait UIInterfaceOrientationLandscapeLeft UIInterfaceOrientationLandscapeRight";
				LD_RUNPATH_SEARCH_PATHS = (
					"$(inherited)",
					"@executable_path/Frameworks",
				);
				MARKETING_VERSION = 1.0;
				PRODUCT_BUNDLE_IDENTIFIER = KA.RegistrationApp;
				PRODUCT_NAME = "$(TARGET_NAME)";
				SWIFT_EMIT_LOC_STRINGS = YES;
				SWIFT_VERSION = 5.0;
				TARGETED_DEVICE_FAMILY = "1,2";
			};
			name = Release;
		};
/* End XCBuildConfiguration section */

/* Begin XCConfigurationList section */
		182FAD362893E7360062D3CA /* Build configuration list for PBXProject "RegistrationApp" */ = {
			isa = XCConfigurationList;
			buildConfigurations = (
				182FAD4D2893E7370062D3CA /* Debug */,
				182FAD4E2893E7370062D3CA /* Release */,
			);
			defaultConfigurationIsVisible = 0;
			defaultConfigurationName = Release;
		};
		182FAD4F2893E7370062D3CA /* Build configuration list for PBXNativeTarget "RegistrationApp" */ = {
			isa = XCConfigurationList;
			buildConfigurations = (
				182FAD502893E7370062D3CA /* Debug */,
				182FAD512893E7370062D3CA /* Release */,
			);
			defaultConfigurationIsVisible = 0;
			defaultConfigurationName = Release;
		};
/* End XCConfigurationList section */
	};
	rootObject = 182FAD332893E7360062D3CA /* Project object */;
}
